
Microsoft Visual Studio Solution File, Format Version 12.00
Project("{FAE04EC0-301F-11D3-BF4B-00C04F79EFBC}") = "webAPI", "webAPI\webAPI.csproj", "{FEC56435-9A25-4110-A8F4-1B3614BA202C}"
EndProject
Project("{FAE04EC0-301F-11D3-BF4B-00C04F79EFBC}") = "webAPI.dal", "webAPI.dal\webAPI.dal.csproj", "{AEDBA400-C1DD-49BE-A04D-1E42F1B0B749}"
EndProject
Global
	GlobalSection(SolutionConfigurationPlatforms) = preSolution
		Debug|Any CPU = Debug|Any CPU
		Release|Any CPU = Release|Any CPU
	EndGlobalSection
	GlobalSection(ProjectConfigurationPlatforms) = postSolution
		{FEC56435-9A25-4110-A8F4-1B3614BA202C}.Debug|Any CPU.ActiveCfg = Debug|Any CPU
		{FEC56435-9A25-4110-A8F4-1B3614BA202C}.Debug|Any CPU.Build.0 = Debug|Any CPU
		{FEC56435-9A25-4110-A8F4-1B3614BA202C}.Release|Any CPU.ActiveCfg = Release|Any CPU
		{FEC56435-9A25-4110-A8F4-1B3614BA202C}.Release|Any CPU.Build.0 = Release|Any CPU
		{AEDBA400-C1DD-49BE-A04D-1E42F1B0B749}.Debug|Any CPU.ActiveCfg = Debug|Any CPU
		{AEDBA400-C1DD-49BE-A04D-1E42F1B0B749}.Debug|Any CPU.Build.0 = Debug|Any CPU
		{AEDBA400-C1DD-49BE-A04D-1E42F1B0B749}.Release|Any CPU.ActiveCfg = Release|Any CPU
		{AEDBA400-C1DD-49BE-A04D-1E42F1B0B749}.Release|Any CPU.Build.0 = Release|Any CPU
	EndGlobalSection
EndGlobal
